// !$*UTF8*$!
{
	archiveVersion = 1;
	classes = {
	};
	objectVersion = 56;
	objects = {

/* Begin PBXBuildFile section */
		79A100010000000000000001 /* PasskeySampleApp.swift in Sources */ = {isa = PBXBuildFile; fileRef = 79A200010000000000000001 /* PasskeySampleApp.swift */; };
		79A100010000000000000002 /* ContentView.swift in Sources */ = {isa = PBXBuildFile; fileRef = 79A200010000000000000002 /* ContentView.swift */; };
		79A100010000000000000003 /* MainView.swift in Sources */ = {isa = PBXBuildFile; fileRef = 79A200010000000000000003 /* MainView.swift */; };
		79A100010000000000000004 /* SignInView.swift in Sources */ = {isa = PBXBuildFile; fileRef = 79A200010000000000000004 /* SignInView.swift */; };
		79A100010000000000000005 /* HomeView.swift in Sources */ = {isa = PBXBuildFile; fileRef = 79A200010000000000000005 /* HomeView.swift */; };
		79A100010000000000000006 /* SignInViewModel.swift in Sources */ = {isa = PBXBuildFile; fileRef = 79A200010000000000000006 /* SignInViewModel.swift */; };
		79A100010000000000000007 /* PasskeyManager.swift in Sources */ = {isa = PBXBuildFile; fileRef = 79A200010000000000000007 /* PasskeyManager.swift */; };
		79A100010000000000000008 /* AuthRepository.swift in Sources */ = {isa = PBXBuildFile; fileRef = 79A200010000000000000008 /* AuthRepository.swift */; };
		79A100010000000000000009 /* ApiClient.swift in Sources */ = {isa = PBXBuildFile; fileRef = 79A200010000000000000009 /* ApiClient.swift */; };
		79A10001000000000000000A /* Assets.xcassets in Resources */ = {isa = PBXBuildFile; fileRef = 79A20001000000000000000A /* Assets.xcassets */; };
/* End PBXBuildFile section */

/* Begin PBXFileReference section */
		79A200010000000000000001 /* PasskeySampleApp.swift */ = {isa = PBXFileReference; lastKnownFileType = sourcecode.swift; path = PasskeySampleApp.swift; sourceTree = "<group>"; };
		79A200010000000000000002 /* ContentView.swift */ = {isa = PBXFileReference; lastKnownFileType = sourcecode.swift; path = ContentView.swift; sourceTree = "<group>"; };
		79A200010000000000000003 /* MainView.swift */ = {isa = PBXFileReference; lastKnownFileType = sourcecode.swift; path = MainView.swift; sourceTree = "<group>"; };
		79A200010000000000000004 /* SignInView.swift */ = {isa = PBXFileReference; lastKnownFileType = sourcecode.swift; path = SignInView.swift; sourceTree = "<group>"; };
		79A200010000000000000005 /* HomeView.swift */ = {isa = PBXFileReference; lastKnownFileType = sourcecode.swift; path = HomeView.swift; sourceTree = "<group>"; };
		79A200010000000000000006 /* SignInViewModel.swift */ = {isa = PBXFileReference; lastKnownFileType = sourcecode.swift; path = SignInViewModel.swift; sourceTree = "<group>"; };
		79A200010000000000000007 /* PasskeyManager.swift */ = {isa = PBXFileReference; lastKnownFileType = sourcecode.swift; path = PasskeyManager.swift; sourceTree = "<group>"; };
		79A200010000000000000008 /* AuthRepository.swift */ = {isa = PBXFileReference; lastKnownFileType = sourcecode.swift; path = AuthRepository.swift; sourceTree = "<group>"; };
		79A200010000000000000009 /* ApiClient.swift */ = {isa = PBXFileReference; lastKnownFileType = sourcecode.swift; path = ApiClient.swift; sourceTree = "<group>"; };
		79A20001000000000000000A /* Assets.xcassets */ = {isa = PBXFileReference; lastKnownFileType = folder.assetcatalog; path = Assets.xcassets; sourceTree = "<group>"; };
		79A20001000000000000000B /* PasskeySample.entitlements */ = {isa = PBXFileReference; lastKnownFileType = text.plist.entitlements; path = PasskeySample.entitlements; sourceTree = "<group>"; };
		79A20001000000000000000C /* PasskeySample.app */ = {isa = PBXFileReference; explicitFileType = wrapper.application; includeInIndex = 0; path = PasskeySample.app; sourceTree = BUILT_PRODUCTS_DIR; };
/* End PBXFileReference section */

/* Begin PBXGroup section */
		79A300010000000000000001 /* PasskeySample */ = {
			isa = PBXGroup;
			children = (
				79A200010000000000000001 /* PasskeySampleApp.swift */,
				79A200010000000000000002 /* ContentView.swift */,
				79A300010000000000000003 /* Views */,
				79A300010000000000000004 /* ViewModels */,
				79A300010000000000000005 /* Auth */,
				79A300010000000000000006 /* Network */,
				79A20001000000000000000A /* Assets.xcassets */,
				79A20001000000000000000B /* PasskeySample.entitlements */,
			);
			path = PasskeySample;
			sourceTree = "<group>";
		};
		79A300010000000000000002 /* Products */ = {
			isa = PBXGroup;
			children = (
				79A20001000000000000000C /* PasskeySample.app */,
			);
			name = Products;
			sourceTree = "<group>";
		};
		79A300010000000000000003 /* Views */ = {
			isa = PBXGroup;
			children = (
				79A200010000000000000003 /* MainView.swift */,
				79A200010000000000000004 /* SignInView.swift */,
				79A200010000000000000005 /* HomeView.swift */,
			);
			path = Views;
			sourceTree = "<group>";
		};
		79A300010000000000000004 /* ViewModels */ = {
			isa = PBXGroup;
			children = (
				79A200010000000000000006 /* SignInViewModel.swift */,
			);
			path = ViewModels;
			sourceTree = "<group>";
		};
		79A300010000000000000005 /* Auth */ = {
			isa = PBXGroup;
			children = (
				79A200010000000000000007 /* PasskeyManager.swift */,
				79A200010000000000000008 /* AuthRepository.swift */,
			);
			path = Auth;
			sourceTree = "<group>";
		};
		79A300010000000000000006 /* Network */ = {
			isa = PBXGroup;
			children = (
				79A200010000000000000009 /* ApiClient.swift */,
			);
			path = Network;
			sourceTree = "<group>";
		};
		79A300010000000000000007 /* MainGroup */ = {
			isa = PBXGroup;
			children = (
				79A300010000000000000001 /* PasskeySample */,
				79A300010000000000000002 /* Products */,
			);
			sourceTree = "<group>";
		};
/* End PBXGroup section */

/* Begin PBXNativeTarget section */
		79A400010000000000000001 /* PasskeySample */ = {
			isa = PBXNativeTarget;
			buildConfigurationList = 79A500010000000000000002 /* Build configuration list for PBXNativeTarget "PasskeySample" */;
			buildPhases = (
				79A600010000000000000001 /* Sources */,
				79A600010000000000000002 /* Resources */,
				79A600010000000000000003 /* Frameworks */,
			);
			buildRules = (
			);
			dependencies = (
			);
			name = PasskeySample;
			productName = PasskeySample;
			productReference = 79A20001000000000000000C /* PasskeySample.app */;
			productType = "com.apple.product-type.application";
		};
/* End PBXNativeTarget section */

/* Begin PBXProject section */
		79A700010000000000000001 /* Project object */ = {
			isa = PBXProject;
			attributes = {
				BuildIndependentTargetsInParallel = 1;
				LastSwiftUpdateCheck = 1540;
				LastUpgradeCheck = 1540;
				TargetAttributes = {
					79A400010000000000000001 = {
						CreatedOnToolsVersion = 15.4;
					};
				};
			};
			buildConfigurationList = 79A500010000000000000001 /* Build configuration list for PBXProject "PasskeySample" */;
			compatibilityVersion = "Xcode 14.0";
			developmentRegion = en;
			hasScannedForEncodings = 0;
			knownRegions = (
				en,
				Base,
			);
			mainGroup = 79A300010000000000000007 /* MainGroup */;
			productRefGroup = 79A300010000000000000002 /* Products */;
			projectDirPath = "";
			projectRoot = "";
			targets = (
				79A400010000000000000001 /* PasskeySample */,
			);
		};
/* End PBXProject section */

/* Begin PBXResourcesBuildPhase section */
		79A600010000000000000002 /* Resources */ = {
			isa = PBXResourcesBuildPhase;
			buildActionMask = 2147483647;
			files = (
				79A10001000000000000000A /* Assets.xcassets in Resources */,
			);
			runOnlyForDeploymentPostprocessing = 0;
		};
/* End PBXResourcesBuildPhase section */

/* Begin PBXSourcesBuildPhase section */
		79A600010000000000000001 /* Sources */ = {
			isa = PBXSourcesBuildPhase;
			buildActionMask = 2147483647;
			files = (
				79A100010000000000000001 /* PasskeySampleApp.swift in Sources */,
				79A100010000000000000002 /* ContentView.swift in Sources */,
				79A100010000000000000003 /* MainView.swift in Sources */,
				79A100010000000000000004 /* SignInView.swift in Sources */,
				79A100010000000000000005 /* HomeView.swift in Sources */,
				79A100010000000000000006 /* SignInViewModel.swift in Sources */,
				79A100010000000000000007 /* PasskeyManager.swift in Sources */,
				79A100010000000000000008 /* AuthRepository.swift in Sources */,
				79A100010000000000000009 /* ApiClient.swift in Sources */,
			);
			runOnlyForDeploymentPostprocessing = 0;
		};
/* End PBXSourcesBuildPhase section */

/* Begin PBXFrameworksBuildPhase section */
		79A600010000000000000003 /* Frameworks */ = {
			isa = PBXFrameworksBuildPhase;
			buildActionMask = 2147483647;
			files = (
			);
			runOnlyForDeploymentPostprocessing = 0;
		};
/* End PBXFrameworksBuildPhase section */

/* Begin XCBuildConfiguration section */
		79A800010000000000000001 /* Debug (project) */ = {
			isa = XCBuildConfiguration;
			buildSettings = {
				ALWAYS_SEARCH_USER_PATHS = NO;
				ASSETCATALOG_COMPILER_GENERATE_SWIFT_ASSET_SYMBOL_EXTENSIONS = YES;
				CLANG_ANALYZER_NONNULL = YES;
				CLANG_CXX_LANGUAGE_STANDARD = "gnu++20";
				CLANG_ENABLE_MODULES = YES;
				CLANG_ENABLE_OBJC_ARC = YES;
				CLANG_ENABLE_OBJC_WEAK = YES;
				CLANG_WARN_BLOCK_CAPTURE_AUTORELEASING = YES;
				CLANG_WARN_BOOL_CONVERSION = YES;
				CLANG_WARN_COMMA = YES;
				CLANG_WARN_CONSTANT_CONVERSION = YES;
				CLANG_WARN_DEPRECATED_OBJC_IMPLEMENTATIONS = YES;
				CLANG_WARN_DIRECT_OBJC_ISA_USAGE = YES_ERROR;
				CLANG_WARN_DOCUMENTATION_COMMENTS = YES;
				CLANG_WARN_EMPTY_BODY = YES;
				CLANG_WARN_ENUM_CONVERSION = YES;
				CLANG_WARN_INFINITE_RECURSION = YES;
				CLANG_WARN_INT_CONVERSION = YES;
				CLANG_WARN_NON_LITERAL_NULL_CONVERSION = YES;
				CLANG_WARN_OBJC_IMPLICIT_RETAIN_CYCLE = YES;
				CLANG_WARN_OBJC_LITERAL_CONVERSION = YES;
				CLANG_WARN_OBJC_ROOT_CLASS = YES_ERROR;
				CLANG_WARN_QUOTED_INCLUDE_IN_FRAMEWORK_HEADER = YES;
				CLANG_WARN_RANGE_LOOP_ANALYSIS = YES;
				CLANG_WARN_STRICT_PROTOTYPES = YES;
				CLANG_WARN_SUSPICIOUS_MOVE = YES;
				CLANG_WARN_UNGUARDED_AVAILABILITY = YES_AGGRESSIVE;
				CLANG_WARN_UNREACHABLE_CODE = YES;
				CLANG_WARN__DUPLICATE_METHOD_MATCH = YES;
				COPY_PHASE_STRIP = NO;
				DEBUG_INFORMATION_FORMAT = dwarf;
				ENABLE_STRICT_OBJC_MSGSEND = YES;
				ENABLE_TESTABILITY = YES;
				ENABLE_USER_SCRIPT_SANDBOXING = YES;
				GCC_C_LANGUAGE_STANDARD = gnu17;
				GCC_DYNAMIC_NO_PIC = NO;
				GCC_NO_COMMON_BLOCKS = YES;
				GCC_OPTIMIZATION_LEVEL = 0;
				GCC_PREPROCESSOR_DEFINITIONS = (
					"DEBUG=1",
					"$(inherited)",
				);
				GCC_WARN_64_TO_32_BIT_CONVERSION = YES;
				GCC_WARN_ABOUT_RETURN_TYPE = YES_ERROR;
				GCC_WARN_UNDECLARED_SELECTOR = YES;
				GCC_WARN_UNINITIALIZED_AUTOS = YES_AGGRESSIVE;
				GCC_WARN_UNUSED_FUNCTION = YES;
				GCC_WARN_UNUSED_VARIABLE = YES;
				IPHONEOS_DEPLOYMENT_TARGET = 16.0;
				MTL_ENABLE_DEBUG_INFO = INCLUDE_SOURCE;
				MTL_FAST_MATH = YES;
				ONLY_ACTIVE_ARCH = YES;
				SDKROOT = iphoneos;
				SWIFT_ACTIVE_COMPILATION_CONDITIONS = DEBUG;
				SWIFT_OPTIMIZATION_LEVEL = "-Onone";
			};
			name = Debug;
		};
		79A800010000000000000002 /* Release (project) */ = {
			isa = XCBuildConfiguration;
			buildSettings = {
				ALWAYS_SEARCH_USER_PATHS = NO;
				ASSETCATALOG_COMPILER_GENERATE_SWIFT_ASSET_SYMBOL_EXTENSIONS = YES;
				CLANG_ANALYZER_NONNULL = YES;
				CLANG_CXX_LANGUAGE_STANDARD = "gnu++20";
				CLANG_ENABLE_MODULES = YES;
				CLANG_ENABLE_OBJC_ARC = YES;
				CLANG_ENABLE_OBJC_WEAK = YES;
				CLANG_WARN_BLOCK_CAPTURE_AUTORELEASING = YES;
				CLANG_WARN_BOOL_CONVERSION = YES;
				CLANG_WARN_COMMA = YES;
				CLANG_WARN_CONSTANT_CONVERSION = YES;
				CLANG_WARN_DEPRECATED_OBJC_IMPLEMENTATIONS = YES;
				CLANG_WARN_DIRECT_OBJC_ISA_USAGE = YES_ERROR;
				CLANG_WARN_DOCUMENTATION_COMMENTS = YES;
				CLANG_WARN_EMPTY_BODY = YES;
				CLANG_WARN_ENUM_CONVERSION = YES;
				CLANG_WARN_INFINITE_RECURSION = YES;
				CLANG_WARN_INT_CONVERSION = YES;
				CLANG_WARN_NON_LITERAL_NULL_CONVERSION = YES;
				CLANG_WARN_OBJC_IMPLICIT_RETAIN_CYCLE = YES;
				CLANG_WARN_OBJC_LITERAL_CONVERSION = YES;
				CLANG_WARN_OBJC_ROOT_CLASS = YES_ERROR;
				CLANG_WARN_QUOTED_INCLUDE_IN_FRAMEWORK_HEADER = YES;
				CLANG_WARN_RANGE_LOOP_ANALYSIS = YES;
				CLANG_WARN_STRICT_PROTOTYPES = YES;
				CLANG_WARN_SUSPICIOUS_MOVE = YES;
				CLANG_WARN_UNGUARDED_AVAILABILITY = YES_AGGRESSIVE;
				CLANG_WARN_UNREACHABLE_CODE = YES;
				CLANG_WARN__DUPLICATE_METHOD_MATCH = YES;
				COPY_PHASE_STRIP = NO;
				DEBUG_INFORMATION_FORMAT = "dwarf-with-dsym";
				ENABLE_NS_ASSERTIONS = NO;
				ENABLE_STRICT_OBJC_MSGSEND = YES;
				ENABLE_USER_SCRIPT_SANDBOXING = YES;
				GCC_C_LANGUAGE_STANDARD = gnu17;
				GCC_NO_COMMON_BLOCKS = YES;
				GCC_WARN_64_TO_32_BIT_CONVERSION = YES;
				GCC_WARN_ABOUT_RETURN_TYPE = YES_ERROR;
				GCC_WARN_UNDECLARED_SELECTOR = YES;
				GCC_WARN_UNINITIALIZED_AUTOS = YES_AGGRESSIVE;
				GCC_WARN_UNUSED_FUNCTION = YES;
				GCC_WARN_UNUSED_VARIABLE = YES;
				IPHONEOS_DEPLOYMENT_TARGET = 16.0;
				MTL_FAST_MATH = YES;
				SDKROOT = iphoneos;
				SWIFT_COMPILATION_MODE = wholemodule;
				SWIFT_OPTIMIZATION_LEVEL = "-O";
				VALIDATE_PRODUCT = YES;
			};
			name = Release;
		};
		79A800010000000000000003 /* Debug (target) */ = {
			isa = XCBuildConfiguration;
			buildSettings = {
				ASSETCATALOG_COMPILER_APPICON_NAME = AppIcon;
				ASSETCATALOG_COMPILER_GLOBAL_ACCENT_COLOR_NAME = AccentColor;
				CODE_SIGN_ENTITLEMENTS = PasskeySample/PasskeySample.entitlements;
				CODE_SIGN_STYLE = Automatic;
				CURRENT_PROJECT_VERSION = 1;
				DEVELOPMENT_TEAM = "";
				GENERATE_INFOPLIST_FILE = YES;
				INFOPLIST_KEY_CFBundleDisplayName = "Passkey Sample";
				INFOPLIST_KEY_UIApplicationSceneManifest_Generation = YES;
				INFOPLIST_KEY_UIApplicationSupportsIndirectInputEvents = YES;
				INFOPLIST_KEY_UILaunchScreen_Generation = YES;
				INFOPLIST_KEY_UISupportedInterfaceOrientations_iPhone = "UIInterfaceOrientationPortrait UIInterfaceOrientationLandscapeLeft UIInterfaceOrientationLandscapeRight";
				LD_RUNPATH_SEARCH_PATHS = (
					"$(inherited)",
					"@executable_path/Frameworks",
				);
				MARKETING_VERSION = 1.0;
				PRODUCT_BUNDLE_IDENTIFIER = me.jagdeep.PasskeySample;
				PRODUCT_NAME = "$(TARGET_NAME)";
				SWIFT_EMIT_LOC_STRINGS = YES;
				SWIFT_VERSION = 5.0;
				TARGETED_DEVICE_FAMILY = "1,2";
			};
			name = Debug;
		};
		79A800010000000000000004 /* Release (target) */ = {
			isa = XCBuildConfiguration;
			buildSettings = {
				ASSETCATALOG_COMPILER_APPICON_NAME = AppIcon;
				ASSETCATALOG_COMPILER_GLOBAL_ACCENT_COLOR_NAME = AccentColor;
				CODE_SIGN_ENTITLEMENTS = PasskeySample/PasskeySample.entitlements;
				CODE_SIGN_STYLE = Automatic;
				CURRENT_PROJECT_VERSION = 1;
				DEVELOPMENT_TEAM = "";
				GENERATE_INFOPLIST_FILE = YES;
				INFOPLIST_KEY_CFBundleDisplayName = "Passkey Sample";
				INFOPLIST_KEY_UIApplicationSceneManifest_Generation = YES;
				INFOPLIST_KEY_UIApplicationSupportsIndirectInputEvents = YES;
				INFOPLIST_KEY_UILaunchScreen_Generation = YES;
				INFOPLIST_KEY_UISupportedInterfaceOrientations_iPhone = "UIInterfaceOrientationPortrait UIInterfaceOrientationLandscapeLeft UIInterfaceOrientationLandscapeRight";
				LD_RUNPATH_SEARCH_PATHS = (
					"$(inherited)",
					"@executable_path/Frameworks",
				);
				MARKETING_VERSION = 1.0;
				PRODUCT_BUNDLE_IDENTIFIER = me.jagdeep.PasskeySample;
				PRODUCT_NAME = "$(TARGET_NAME)";
				SWIFT_EMIT_LOC_STRINGS = YES;
				SWIFT_VERSION = 5.0;
				TARGETED_DEVICE_FAMILY = "1,2";
			};
			name = Release;
		};
/* End XCBuildConfiguration section */

/* Begin XCConfigurationList section */
		79A500010000000000000001 /* Build configuration list for PBXProject "PasskeySample" */ = {
			isa = XCConfigurationList;
			buildConfigurations = (
				79A800010000000000000001 /* Debug */,
				79A800010000000000000002 /* Release */,
			);
			defaultConfigurationIsVisible = 0;
			defaultConfigurationName = Release;
		};
		79A500010000000000000002 /* Build configuration list for PBXNativeTarget "PasskeySample" */ = {
			isa = XCConfigurationList;
			buildConfigurations = (
				79A800010000000000000003 /* Debug */,
				79A800010000000000000004 /* Release */,
			);
			defaultConfigurationIsVisible = 0;
			defaultConfigurationName = Release;
		};
/* End XCConfigurationList section */

	};
	rootObject = 79A700010000000000000001 /* Project object */;
}
